
Microsoft Visual Studio Solution File, Format Version 12.00
# Visual Studio Version 17
VisualStudioVersion = 17.0.32014.148
MinimumVisualStudioVersion = 10.0.40219.1
Project("{9A19103F-16F7-4668-BE54-9A1E7A4F7556}") = "Hello", "Hello.csproj", "{C46B6204-7C98-4D9C-B6E3-7A6A2BE71D76}"
EndProject
Project("{9A19103F-16F7-4668-BE54-9A1E7A4F7556}") = "IntegralTypes", "..\IntegralTypes\IntegralTypes.csproj", "{8A1003F5-8779-4CA0-BBEE-50FB9132ECE8}"
EndProject
Project("{9A19103F-16F7-4668-BE54-9A1E7A4F7556}") = "FloatingPoint", "..\FloatingPoint\FloatingPoint.csproj", "{AB955A69-9AA8-4C76-8C05-CA5A409C12F3}"
EndProject
Project("{9A19103F-16F7-4668-BE54-9A1E7A4F7556}") = "Char", "..\Char\Char.csproj", "{124B7EBE-2BDC-4F66-907C-F0D5116BC950}"
EndProject
Project("{9A19103F-16F7-4668-BE54-9A1E7A4F7556}") = "String", "..\String\String.csproj", "{400830D0-29F6-4F0C-ABE1-1AFEACFCF9AE}"
EndProject
Project("{9A19103F-16F7-4668-BE54-9A1E7A4F7556}") = "Object", "..\Object\Object.csproj", "{80A364AB-7BED-401D-A8BD-BC7AC964C0EE}"
EndProject
Project("{9A19103F-16F7-4668-BE54-9A1E7A4F7556}") = "BoxingUnboxing", "..\BoxingUnboxing\BoxingUnboxing.csproj", "{A8F00D53-7D3A-4E7C-85DD-CD487D0386AF}"
EndProject
Project("{9A19103F-16F7-4668-BE54-9A1E7A4F7556}") = "StringNumberConversion", "..\StringNumberConversion\StringNumberConversion.csproj", "{0DCD2F18-867C-4A63-A977-457E2AA6AAEB}"
EndProject
Project("{9A19103F-16F7-4668-BE54-9A1E7A4F7556}") = "Enum", "..\Enum\Enum.csproj", "{AEF7476B-0EB3-4119-B890-B58D113AF0F9}"
EndProject
Project("{9A19103F-16F7-4668-BE54-9A1E7A4F7556}") = "Nullable", "..\Nullable\Nullable.csproj", "{829F5237-859E-49AD-ADAE-7AF846EF393E}"
EndProject
Project("{9A19103F-16F7-4668-BE54-9A1E7A4F7556}") = "UsingVar", "..\UsingVar\UsingVar.csproj", "{4CE39B8E-2D24-4BF7-8834-184287604C1A}"
EndProject
Project("{9A19103F-16F7-4668-BE54-9A1E7A4F7556}") = "StringSearch", "..\StringSearch\StringSearch.csproj", "{8B1D1BBF-5DC3-480F-B1C0-A71C9AFAC409}"
EndProject
Project("{9A19103F-16F7-4668-BE54-9A1E7A4F7556}") = "StringModify", "..\StringModify\StringModify.csproj", "{B3D9D83F-B4EB-45CA-AC3C-17782FA85526}"
EndProject
Project("{9A19103F-16F7-4668-BE54-9A1E7A4F7556}") = "StringSlice", "..\StringSlice\StringSlice.csproj", "{F04D4406-A905-4EFE-B4C0-F9C603ACECDE}"
EndProject
Project("{9A19103F-16F7-4668-BE54-9A1E7A4F7556}") = "StringFormatBasic", "..\StringFormatBasic\StringFormatBasic.csproj", "{DD76C2E8-3458-4381-80A7-2D584FFCA25E}"
EndProject
Project("{9A19103F-16F7-4668-BE54-9A1E7A4F7556}") = "StringInterpolation", "..\StringInterpolation\StringInterpolation.csproj", "{5A8B387A-98EB-41DD-86DB-63DCC4DCC2AF}"
EndProject
Project("{2150E333-8FDC-42A3-9474-1A3956D46DE8}") = "CS_Basic1", "CS_Basic1", "{28AE19BB-8CE2-43D8-9024-AF139FBC8BA4}"
EndProject
Project("{2150E333-8FDC-42A3-9474-1A3956D46DE8}") = "CS_Practice", "CS_Practice", "{58012AB1-6B64-4096-9439-4628AFC0A41F}"
EndProject
Project("{9A19103F-16F7-4668-BE54-9A1E7A4F7556}") = "RectArea", "..\RectArea\RectArea.csproj", "{21B76967-3A7C-43C7-9383-AE0AE27FBC81}"
EndProject
Project("{2150E333-8FDC-42A3-9474-1A3956D46DE8}") = "CS_Basic2", "CS_Basic2", "{3DDBA33C-1A16-4AEE-AC3E-64BBECCCA5F8}"
EndProject
Project("{9A19103F-16F7-4668-BE54-9A1E7A4F7556}") = "NullConditionalOperator", "..\NullConditionalOperator\NullConditionalOperator.csproj", "{7FD03728-7790-4BEE-A3F5-F04EEA93231C}"
EndProject
Project("{9A19103F-16F7-4668-BE54-9A1E7A4F7556}") = "NullCoalescing", "..\NullCoalescing\NullCoalescing.csproj", "{1D30C9AC-8284-49C4-B4B4-317292760AFA}"
EndProject
Project("{9A19103F-16F7-4668-BE54-9A1E7A4F7556}") = "SwitchExp", "..\SwitchExp\SwitchExp.csproj", "{6632F3C1-B252-4053-9B9F-0504BE00A444}"
EndProject
Project("{9A19103F-16F7-4668-BE54-9A1E7A4F7556}") = "Fibonacci", "..\Fibonacci\Fibonacci.csproj", "{DE2204F6-C8EC-4B52-8D48-F94F1F28B297}"
EndProject
Project("{9A19103F-16F7-4668-BE54-9A1E7A4F7556}") = "SwapByValueRef", "..\SwapByValueRef\SwapByValueRef.csproj", "{D1D2F150-7CE0-43A9-9A01-7EAE5E9FC6A4}"
EndProject
Project("{9A19103F-16F7-4668-BE54-9A1E7A4F7556}") = "RefReturn", "..\RefReturn\RefReturn.csproj", "{9E1C11A0-E88A-4DE0-A4A8-A55EDD30F62B}"
EndProject
Project("{9A19103F-16F7-4668-BE54-9A1E7A4F7556}") = "UsingOut", "..\UsingOut\UsingOut.csproj", "{B7BDADBC-4386-4B0D-88A0-2C44B42F29B7}"
EndProject
Project("{9A19103F-16F7-4668-BE54-9A1E7A4F7556}") = "Overloading", "..\Overloading\Overloading.csproj", "{66BDAB23-7ACF-4428-B934-428D76197FBB}"
EndProject
Project("{9A19103F-16F7-4668-BE54-9A1E7A4F7556}") = "UsingParams", "..\UsingParams\UsingParams.csproj", "{F2938016-39B4-425C-85B1-AB8FE98D9AEC}"
EndProject
Project("{9A19103F-16F7-4668-BE54-9A1E7A4F7556}") = "NamedParameter", "..\NamedParameter\NamedParameter.csproj", "{A7E1C89E-FB27-4A29-86F5-FCCE028B31DA}"
EndProject
Project("{9A19103F-16F7-4668-BE54-9A1E7A4F7556}") = "OptionalParameter", "..\OptionalParameter\OptionalParameter.csproj", "{DE71F0DF-06EA-4BC1-86BB-1BA413A05FFB}"
EndProject
Project("{9A19103F-16F7-4668-BE54-9A1E7A4F7556}") = "LocalFunction", "..\LocalFunction\LocalFunction.csproj", "{D0B782CD-BEFE-4BB0-BA23-C401EA942357}"
EndProject
Project("{2150E333-8FDC-42A3-9474-1A3956D46DE8}") = "CS_Basic3", "CS_Basic3", "{9FDB95AE-FA98-46E7-9454-5B17B70CD679}"
EndProject
Project("{9A19103F-16F7-4668-BE54-9A1E7A4F7556}") = "StaticFieldMethod", "..\StaticField\StaticFieldMethod.csproj", "{20DD2365-086A-4212-AF24-E3B013FC8C9A}"
EndProject
Project("{9A19103F-16F7-4668-BE54-9A1E7A4F7556}") = "DeepCopy_1", "..\DeepCopy\DeepCopy_1.csproj", "{1EA7B84A-1FE9-4B76-A3B8-BDCD88B61006}"
EndProject
Project("{9A19103F-16F7-4668-BE54-9A1E7A4F7556}") = "DeepCopy_2", "..\ICloneable\DeepCopy_2.csproj", "{D9AB0A5F-4C39-44B5-911D-805579A649EE}"
EndProject
Project("{9A19103F-16F7-4668-BE54-9A1E7A4F7556}") = "ThisConstructor", "..\ThisConstructor\ThisConstructor.csproj", "{36AD7EBC-DF39-45EF-A88D-3D6BAD0F3D73}"
EndProject
Project("{9A19103F-16F7-4668-BE54-9A1E7A4F7556}") = "TypeCasting", "..\TypeCasting\TypeCasting.csproj", "{20B565E4-BF89-4EE7-A056-CC9DB151D6C2}"
EndProject
Project("{9A19103F-16F7-4668-BE54-9A1E7A4F7556}") = "Overriding", "..\Overriding\Overriding.csproj", "{0DCF2D29-B2FB-4067-9B8B-4A5ECDBB6754}"
EndProject
Project("{9A19103F-16F7-4668-BE54-9A1E7A4F7556}") = "MethodHiding", "..\MethodHiding\MethodHiding.csproj", "{21FA73BD-319D-41D2-A16A-D429CD3B0646}"
EndProject
Project("{9A19103F-16F7-4668-BE54-9A1E7A4F7556}") = "SealedMethod", "..\SealedMethod\SealedMethod.csproj", "{14D0B7EC-7E9B-4751-BEAC-03B8E57A642B}"
EndProject
Project("{9A19103F-16F7-4668-BE54-9A1E7A4F7556}") = "ReadonlyFields", "..\ReadonlyFields\ReadonlyFields.csproj", "{975AC4F9-7D7A-4AD2-8DC4-939C6DEF641C}"
EndProject
Project("{9A19103F-16F7-4668-BE54-9A1E7A4F7556}") = "NestedClass", "..\NestedClass\NestedClass.csproj", "{1245F95F-948D-4A37-87E8-A49E6AF670E0}"
EndProject
Project("{9A19103F-16F7-4668-BE54-9A1E7A4F7556}") = "PartialClass", "..\PartialClass\PartialClass.csproj", "{3CD38356-AFAB-4330-A0A2-21CC1EA1FEE1}"
EndProject
Project("{9A19103F-16F7-4668-BE54-9A1E7A4F7556}") = "ExtensionMethod", "..\ExtensionMethod\ExtensionMethod.csproj", "{BB8E1D1E-1E13-4FF6-B870-620690706930}"
EndProject
Project("{9A19103F-16F7-4668-BE54-9A1E7A4F7556}") = "Structure", "..\Structure\Structure.csproj", "{5FAE98E9-D770-4CE9-92B9-52D09B630994}"
EndProject
Project("{9A19103F-16F7-4668-BE54-9A1E7A4F7556}") = "ImmutableStruct", "..\ImmutableStruct\ImmutableStruct.csproj", "{6672EF7A-2E2C-48AD-8B31-8AAD5CE0B71A}"
EndProject
Project("{9A19103F-16F7-4668-BE54-9A1E7A4F7556}") = "ReadonlyMethod", "..\ReadonlyMethod\ReadonlyMethod.csproj", "{CEFB256F-1E27-4122-A23C-71F025080174}"
EndProject
Project("{9A19103F-16F7-4668-BE54-9A1E7A4F7556}") = "Tuple", "..\Tuple\Tuple.csproj", "{1E01D9D5-5AFA-4BF6-9D5E-6871896B0AAA}"
EndProject
Project("{9A19103F-16F7-4668-BE54-9A1E7A4F7556}") = "PositionalPattern", "..\PositionalPattern\PositionalPattern.csproj", "{6EE1F56A-9176-4864-8F39-47A05CEFA90B}"
EndProject
Project("{2150E333-8FDC-42A3-9474-1A3956D46DE8}") = "CS_Basic4", "CS_Basic4", "{BD731B2E-9E67-4EAA-A1FC-A10BF145E1AC}"
EndProject
Project("{9A19103F-16F7-4668-BE54-9A1E7A4F7556}") = "Interface", "..\Interface\Interface.csproj", "{DFC94A82-0FA3-4D59-A2EE-4CE0A0CA1569}"
EndProject
Project("{9A19103F-16F7-4668-BE54-9A1E7A4F7556}") = "MultiInterfaceInheritance", "..\MultiInterfaceInheritance\MultiInterfaceInheritance.csproj", "{B81D679F-1221-4434-9201-BA1DE43CEECF}"
EndProject
Project("{9A19103F-16F7-4668-BE54-9A1E7A4F7556}") = "DefaultImplementation", "..\DefaultImplementation\DefaultImplementation.csproj", "{EC86A26E-279B-4A78-8308-B1D27F8D348A}"
EndProject
Project("{9A19103F-16F7-4668-BE54-9A1E7A4F7556}") = "AbstractClass", "..\AbstractClass\AbstractClass.csproj", "{0BB17D8B-7D93-4942-A4F2-1682D6901B9E}"
EndProject
Project("{9A19103F-16F7-4668-BE54-9A1E7A4F7556}") = "Property", "..\Property\Property.csproj", "{E1FB779F-7181-404D-AE7B-134D9DDAC470}"
EndProject
Project("{9A19103F-16F7-4668-BE54-9A1E7A4F7556}") = "InitOnly", "..\InitOnly\InitOnly.csproj", "{4482F4F0-2146-4B8E-8B37-9C01EE74F81A}"
EndProject
Project("{9A19103F-16F7-4668-BE54-9A1E7A4F7556}") = "Record", "..\heyhey\Record.csproj", "{DE493651-5DEF-4FFD-AF93-052F21A2A6A7}"
EndProject
Project("{9A19103F-16F7-4668-BE54-9A1E7A4F7556}") = "AnonymousType", "..\AnonymousType\AnonymousType.csproj", "{E7555D6C-1D10-4940-92F2-0FBE48EFEFC8}"
EndProject
Project("{9A19103F-16F7-4668-BE54-9A1E7A4F7556}") = "PropertiesInInterface", "..\PropertiesInInterface\PropertiesInInterface.csproj", "{EEB0AD62-4783-48D1-9306-E0694F2FC302}"
EndProject
Project("{9A19103F-16F7-4668-BE54-9A1E7A4F7556}") = "PropertiesInAbstractClass", "..\PropertiesInAbstractClass\PropertiesInAbstractClass.csproj", "{5698E83F-2685-4243-B0C0-447A2740238A}"
EndProject
Project("{2150E333-8FDC-42A3-9474-1A3956D46DE8}") = "CS_Basic5", "CS_Basic5", "{ABC23E4D-C834-4055-9099-1AC68AEFB3DB}"
EndProject
Project("{9A19103F-16F7-4668-BE54-9A1E7A4F7556}") = "ArraySample", "..\ArraySample\ArraySample.csproj", "{94C347FC-BC31-476E-84D3-5195FB492C8D}"
EndProject
Project("{9A19103F-16F7-4668-BE54-9A1E7A4F7556}") = "InitializingArray", "..\InitializingArray\InitializingArray.csproj", "{B6B9961E-A929-4DD9-AF3B-323B754D8F4C}"
EndProject
Project("{9A19103F-16F7-4668-BE54-9A1E7A4F7556}") = "MoreOnArray", "..\MoreOnArray\MoreOnArray.csproj", "{557AD607-7564-4282-8572-38DC0E1CAE2B}"
EndProject
Project("{2150E333-8FDC-42A3-9474-1A3956D46DE8}") = "CS_Basic6_Delegate", "CS_Basic6_Delegate", "{DAF0D0BD-EAFA-470F-A15F-29C1D8F243CB}"
EndProject
Project("{9A19103F-16F7-4668-BE54-9A1E7A4F7556}") = "Action", "..\Action\Action.csproj", "{E4FEC956-6C48-4B89-8539-0DC1C1D1446B}"
EndProject
Project("{9A19103F-16F7-4668-BE54-9A1E7A4F7556}") = "Func", "..\Func\Func.csproj", "{E73ED76F-ECB8-4EE1-BCD7-58C8F6BD2187}"
EndProject
Project("{9A19103F-16F7-4668-BE54-9A1E7A4F7556}") = "Predicate", "..\Predicate\Predicate.csproj", "{760056E1-D945-4066-AE46-9F6AC4E7E54A}"
EndProject
Project("{2150E333-8FDC-42A3-9474-1A3956D46DE8}") = "CS_Basic7_Event", "CS_Basic7_Event", "{4277DB7F-4CBE-4E88-9B99-26E4DEEDEBF6}"
EndProject
Project("{9A19103F-16F7-4668-BE54-9A1E7A4F7556}") = "EventTest", "..\EventTest\EventTest.csproj", "{7EDD7C7E-052A-4A6E-B03E-3C55ABB66ED4}"
EndProject
Project("{2150E333-8FDC-42A3-9474-1A3956D46DE8}") = "CS_Basic8_Lambda", "CS_Basic8_Lambda", "{0B60402C-0085-40BA-BF09-1A59DEFB61F2}"
EndProject
Project("{9A19103F-16F7-4668-BE54-9A1E7A4F7556}") = "SimpleLambda", "..\SimpleLambda\SimpleLambda.csproj", "{B587DBC3-0252-4CAE-9A1C-A5B823A6E67A}"
EndProject
Project("{9A19103F-16F7-4668-BE54-9A1E7A4F7556}") = "StatementLambda", "..\StatementLambda\StatementLambda.csproj", "{6FE7EA2B-944A-4548-A0E6-C084F12A321E}"
EndProject
Project("{9A19103F-16F7-4668-BE54-9A1E7A4F7556}") = "FuncLambda", "..\FuncLambda\FuncLambda.csproj", "{EF7A5031-0738-461C-9B70-A3760A5B5AE3}"
EndProject
Project("{9A19103F-16F7-4668-BE54-9A1E7A4F7556}") = "ActionLambda", "..\ActionLambda\ActionLambda.csproj", "{64CBC32F-C508-4B8A-9F26-BDCCE0C329E1}"
EndProject
Project("{2150E333-8FDC-42A3-9474-1A3956D46DE8}") = "CS_Basic9_Expression", "CS_Basic9_Expression", "{6BE9E66D-B0BE-4D6D-98E6-0D20922A9AD0}"
EndProject
Project("{9A19103F-16F7-4668-BE54-9A1E7A4F7556}") = "UsingExpressionTree", "..\UsingExpressionTree\UsingExpressionTree.csproj", "{60888DC9-87EE-4773-B9EA-8B291D83D4C4}"
EndProject
Project("{9A19103F-16F7-4668-BE54-9A1E7A4F7556}") = "ExpressionBodiedMember", "..\ExpressionBodiedMember\ExpressionBodiedMember.csproj", "{02F9B462-7DD4-44D5-8B2D-B538AB097044}"
EndProject
Project("{2150E333-8FDC-42A3-9474-1A3956D46DE8}") = "CS_Basic10_LINQ", "CS_Basic10_LINQ", "{7DF843B0-D515-4776-AE41-3EA9B7F95EFC}"
EndProject
Project("{FAE04EC0-301F-11D3-BF4B-00C04F79EFBC}") = "LINQ", "..\LINQ\LINQ.csproj", "{663A2FCD-B3F4-4C13-A137-627BED17C423}"
EndProject
Project("{FAE04EC0-301F-11D3-BF4B-00C04F79EFBC}") = "SimpleLinq", "..\SimpleLinq\SimpleLinq.csproj", "{DBE49619-2A5A-439D-99AF-6BAAD32D7ECB}"
EndProject
Global
	GlobalSection(SolutionConfigurationPlatforms) = preSolution
		Debug|Any CPU = Debug|Any CPU
		Release|Any CPU = Release|Any CPU
	EndGlobalSection
	GlobalSection(ProjectConfigurationPlatforms) = postSolution
		{C46B6204-7C98-4D9C-B6E3-7A6A2BE71D76}.Debug|Any CPU.ActiveCfg = Debug|Any CPU
		{C46B6204-7C98-4D9C-B6E3-7A6A2BE71D76}.Debug|Any CPU.Build.0 = Debug|Any CPU
		{C46B6204-7C98-4D9C-B6E3-7A6A2BE71D76}.Release|Any CPU.ActiveCfg = Release|Any CPU
		{C46B6204-7C98-4D9C-B6E3-7A6A2BE71D76}.Release|Any CPU.Build.0 = Release|Any CPU
		{8A1003F5-8779-4CA0-BBEE-50FB9132ECE8}.Debug|Any CPU.ActiveCfg = Debug|Any CPU
		{8A1003F5-8779-4CA0-BBEE-50FB9132ECE8}.Debug|Any CPU.Build.0 = Debug|Any CPU
		{8A1003F5-8779-4CA0-BBEE-50FB9132ECE8}.Release|Any CPU.ActiveCfg = Release|Any CPU
		{8A1003F5-8779-4CA0-BBEE-50FB9132ECE8}.Release|Any CPU.Build.0 = Release|Any CPU
		{AB955A69-9AA8-4C76-8C05-CA5A409C12F3}.Debug|Any CPU.ActiveCfg = Debug|Any CPU
		{AB955A69-9AA8-4C76-8C05-CA5A409C12F3}.Debug|Any CPU.Build.0 = Debug|Any CPU
		{AB955A69-9AA8-4C76-8C05-CA5A409C12F3}.Release|Any CPU.ActiveCfg = Release|Any CPU
		{AB955A69-9AA8-4C76-8C05-CA5A409C12F3}.Release|Any CPU.Build.0 = Release|Any CPU
		{124B7EBE-2BDC-4F66-907C-F0D5116BC950}.Debug|Any CPU.ActiveCfg = Debug|Any CPU
		{124B7EBE-2BDC-4F66-907C-F0D5116BC950}.Debug|Any CPU.Build.0 = Debug|Any CPU
		{124B7EBE-2BDC-4F66-907C-F0D5116BC950}.Release|Any CPU.ActiveCfg = Release|Any CPU
		{124B7EBE-2BDC-4F66-907C-F0D5116BC950}.Release|Any CPU.Build.0 = Release|Any CPU
		{400830D0-29F6-4F0C-ABE1-1AFEACFCF9AE}.Debug|Any CPU.ActiveCfg = Debug|Any CPU
		{400830D0-29F6-4F0C-ABE1-1AFEACFCF9AE}.Debug|Any CPU.Build.0 = Debug|Any CPU
		{400830D0-29F6-4F0C-ABE1-1AFEACFCF9AE}.Release|Any CPU.ActiveCfg = Release|Any CPU
		{400830D0-29F6-4F0C-ABE1-1AFEACFCF9AE}.Release|Any CPU.Build.0 = Release|Any CPU
		{80A364AB-7BED-401D-A8BD-BC7AC964C0EE}.Debug|Any CPU.ActiveCfg = Debug|Any CPU
		{80A364AB-7BED-401D-A8BD-BC7AC964C0EE}.Debug|Any CPU.Build.0 = Debug|Any CPU
		{80A364AB-7BED-401D-A8BD-BC7AC964C0EE}.Release|Any CPU.ActiveCfg = Release|Any CPU
		{80A364AB-7BED-401D-A8BD-BC7AC964C0EE}.Release|Any CPU.Build.0 = Release|Any CPU
		{A8F00D53-7D3A-4E7C-85DD-CD487D0386AF}.Debug|Any CPU.ActiveCfg = Debug|Any CPU
		{A8F00D53-7D3A-4E7C-85DD-CD487D0386AF}.Debug|Any CPU.Build.0 = Debug|Any CPU
		{A8F00D53-7D3A-4E7C-85DD-CD487D0386AF}.Release|Any CPU.ActiveCfg = Release|Any CPU
		{A8F00D53-7D3A-4E7C-85DD-CD487D0386AF}.Release|Any CPU.Build.0 = Release|Any CPU
		{0DCD2F18-867C-4A63-A977-457E2AA6AAEB}.Debug|Any CPU.ActiveCfg = Debug|Any CPU
		{0DCD2F18-867C-4A63-A977-457E2AA6AAEB}.Debug|Any CPU.Build.0 = Debug|Any CPU
		{0DCD2F18-867C-4A63-A977-457E2AA6AAEB}.Release|Any CPU.ActiveCfg = Release|Any CPU
		{0DCD2F18-867C-4A63-A977-457E2AA6AAEB}.Release|Any CPU.Build.0 = Release|Any CPU
		{AEF7476B-0EB3-4119-B890-B58D113AF0F9}.Debug|Any CPU.ActiveCfg = Debug|Any CPU
		{AEF7476B-0EB3-4119-B890-B58D113AF0F9}.Debug|Any CPU.Build.0 = Debug|Any CPU
		{AEF7476B-0EB3-4119-B890-B58D113AF0F9}.Release|Any CPU.ActiveCfg = Release|Any CPU
		{AEF7476B-0EB3-4119-B890-B58D113AF0F9}.Release|Any CPU.Build.0 = Release|Any CPU
		{829F5237-859E-49AD-ADAE-7AF846EF393E}.Debug|Any CPU.ActiveCfg = Debug|Any CPU
		{829F5237-859E-49AD-ADAE-7AF846EF393E}.Debug|Any CPU.Build.0 = Debug|Any CPU
		{829F5237-859E-49AD-ADAE-7AF846EF393E}.Release|Any CPU.ActiveCfg = Release|Any CPU
		{829F5237-859E-49AD-ADAE-7AF846EF393E}.Release|Any CPU.Build.0 = Release|Any CPU
		{4CE39B8E-2D24-4BF7-8834-184287604C1A}.Debug|Any CPU.ActiveCfg = Debug|Any CPU
		{4CE39B8E-2D24-4BF7-8834-184287604C1A}.Debug|Any CPU.Build.0 = Debug|Any CPU
		{4CE39B8E-2D24-4BF7-8834-184287604C1A}.Release|Any CPU.ActiveCfg = Release|Any CPU
		{4CE39B8E-2D24-4BF7-8834-184287604C1A}.Release|Any CPU.Build.0 = Release|Any CPU
		{8B1D1BBF-5DC3-480F-B1C0-A71C9AFAC409}.Debug|Any CPU.ActiveCfg = Debug|Any CPU
		{8B1D1BBF-5DC3-480F-B1C0-A71C9AFAC409}.Debug|Any CPU.Build.0 = Debug|Any CPU
		{8B1D1BBF-5DC3-480F-B1C0-A71C9AFAC409}.Release|Any CPU.ActiveCfg = Release|Any CPU
		{8B1D1BBF-5DC3-480F-B1C0-A71C9AFAC409}.Release|Any CPU.Build.0 = Release|Any CPU
		{B3D9D83F-B4EB-45CA-AC3C-17782FA85526}.Debug|Any CPU.ActiveCfg = Debug|Any CPU
		{B3D9D83F-B4EB-45CA-AC3C-17782FA85526}.Debug|Any CPU.Build.0 = Debug|Any CPU
		{B3D9D83F-B4EB-45CA-AC3C-17782FA85526}.Release|Any CPU.ActiveCfg = Release|Any CPU
		{B3D9D83F-B4EB-45CA-AC3C-17782FA85526}.Release|Any CPU.Build.0 = Release|Any CPU
		{F04D4406-A905-4EFE-B4C0-F9C603ACECDE}.Debug|Any CPU.ActiveCfg = Debug|Any CPU
		{F04D4406-A905-4EFE-B4C0-F9C603ACECDE}.Debug|Any CPU.Build.0 = Debug|Any CPU
		{F04D4406-A905-4EFE-B4C0-F9C603ACECDE}.Release|Any CPU.ActiveCfg = Release|Any CPU
		{F04D4406-A905-4EFE-B4C0-F9C603ACECDE}.Release|Any CPU.Build.0 = Release|Any CPU
		{DD76C2E8-3458-4381-80A7-2D584FFCA25E}.Debug|Any CPU.ActiveCfg = Debug|Any CPU
		{DD76C2E8-3458-4381-80A7-2D584FFCA25E}.Debug|Any CPU.Build.0 = Debug|Any CPU
		{DD76C2E8-3458-4381-80A7-2D584FFCA25E}.Release|Any CPU.ActiveCfg = Release|Any CPU
		{DD76C2E8-3458-4381-80A7-2D584FFCA25E}.Release|Any CPU.Build.0 = Release|Any CPU
		{5A8B387A-98EB-41DD-86DB-63DCC4DCC2AF}.Debug|Any CPU.ActiveCfg = Debug|Any CPU
		{5A8B387A-98EB-41DD-86DB-63DCC4DCC2AF}.Debug|Any CPU.Build.0 = Debug|Any CPU
		{5A8B387A-98EB-41DD-86DB-63DCC4DCC2AF}.Release|Any CPU.ActiveCfg = Release|Any CPU
		{5A8B387A-98EB-41DD-86DB-63DCC4DCC2AF}.Release|Any CPU.Build.0 = Release|Any CPU
		{21B76967-3A7C-43C7-9383-AE0AE27FBC81}.Debug|Any CPU.ActiveCfg = Debug|Any CPU
		{21B76967-3A7C-43C7-9383-AE0AE27FBC81}.Debug|Any CPU.Build.0 = Debug|Any CPU
		{21B76967-3A7C-43C7-9383-AE0AE27FBC81}.Release|Any CPU.ActiveCfg = Release|Any CPU
		{21B76967-3A7C-43C7-9383-AE0AE27FBC81}.Release|Any CPU.Build.0 = Release|Any CPU
		{7FD03728-7790-4BEE-A3F5-F04EEA93231C}.Debug|Any CPU.ActiveCfg = Debug|Any CPU
		{7FD03728-7790-4BEE-A3F5-F04EEA93231C}.Debug|Any CPU.Build.0 = Debug|Any CPU
		{7FD03728-7790-4BEE-A3F5-F04EEA93231C}.Release|Any CPU.ActiveCfg = Release|Any CPU
		{7FD03728-7790-4BEE-A3F5-F04EEA93231C}.Release|Any CPU.Build.0 = Release|Any CPU
		{1D30C9AC-8284-49C4-B4B4-317292760AFA}.Debug|Any CPU.ActiveCfg = Debug|Any CPU
		{1D30C9AC-8284-49C4-B4B4-317292760AFA}.Debug|Any CPU.Build.0 = Debug|Any CPU
		{1D30C9AC-8284-49C4-B4B4-317292760AFA}.Release|Any CPU.ActiveCfg = Release|Any CPU
		{1D30C9AC-8284-49C4-B4B4-317292760AFA}.Release|Any CPU.Build.0 = Release|Any CPU
		{6632F3C1-B252-4053-9B9F-0504BE00A444}.Debug|Any CPU.ActiveCfg = Debug|Any CPU
		{6632F3C1-B252-4053-9B9F-0504BE00A444}.Debug|Any CPU.Build.0 = Debug|Any CPU
		{6632F3C1-B252-4053-9B9F-0504BE00A444}.Release|Any CPU.ActiveCfg = Release|Any CPU
		{6632F3C1-B252-4053-9B9F-0504BE00A444}.Release|Any CPU.Build.0 = Release|Any CPU
		{DE2204F6-C8EC-4B52-8D48-F94F1F28B297}.Debug|Any CPU.ActiveCfg = Debug|Any CPU
		{DE2204F6-C8EC-4B52-8D48-F94F1F28B297}.Debug|Any CPU.Build.0 = Debug|Any CPU
		{DE2204F6-C8EC-4B52-8D48-F94F1F28B297}.Release|Any CPU.ActiveCfg = Release|Any CPU
		{DE2204F6-C8EC-4B52-8D48-F94F1F28B297}.Release|Any CPU.Build.0 = Release|Any CPU
		{D1D2F150-7CE0-43A9-9A01-7EAE5E9FC6A4}.Debug|Any CPU.ActiveCfg = Debug|Any CPU
		{D1D2F150-7CE0-43A9-9A01-7EAE5E9FC6A4}.Debug|Any CPU.Build.0 = Debug|Any CPU
		{D1D2F150-7CE0-43A9-9A01-7EAE5E9FC6A4}.Release|Any CPU.ActiveCfg = Release|Any CPU
		{D1D2F150-7CE0-43A9-9A01-7EAE5E9FC6A4}.Release|Any CPU.Build.0 = Release|Any CPU
		{9E1C11A0-E88A-4DE0-A4A8-A55EDD30F62B}.Debug|Any CPU.ActiveCfg = Debug|Any CPU
		{9E1C11A0-E88A-4DE0-A4A8-A55EDD30F62B}.Debug|Any CPU.Build.0 = Debug|Any CPU
		{9E1C11A0-E88A-4DE0-A4A8-A55EDD30F62B}.Release|Any CPU.ActiveCfg = Release|Any CPU
		{9E1C11A0-E88A-4DE0-A4A8-A55EDD30F62B}.Release|Any CPU.Build.0 = Release|Any CPU
		{B7BDADBC-4386-4B0D-88A0-2C44B42F29B7}.Debug|Any CPU.ActiveCfg = Debug|Any CPU
		{B7BDADBC-4386-4B0D-88A0-2C44B42F29B7}.Debug|Any CPU.Build.0 = Debug|Any CPU
		{B7BDADBC-4386-4B0D-88A0-2C44B42F29B7}.Release|Any CPU.ActiveCfg = Release|Any CPU
		{B7BDADBC-4386-4B0D-88A0-2C44B42F29B7}.Release|Any CPU.Build.0 = Release|Any CPU
		{66BDAB23-7ACF-4428-B934-428D76197FBB}.Debug|Any CPU.ActiveCfg = Debug|Any CPU
		{66BDAB23-7ACF-4428-B934-428D76197FBB}.Debug|Any CPU.Build.0 = Debug|Any CPU
		{66BDAB23-7ACF-4428-B934-428D76197FBB}.Release|Any CPU.ActiveCfg = Release|Any CPU
		{66BDAB23-7ACF-4428-B934-428D76197FBB}.Release|Any CPU.Build.0 = Release|Any CPU
		{F2938016-39B4-425C-85B1-AB8FE98D9AEC}.Debug|Any CPU.ActiveCfg = Debug|Any CPU
		{F2938016-39B4-425C-85B1-AB8FE98D9AEC}.Debug|Any CPU.Build.0 = Debug|Any CPU
		{F2938016-39B4-425C-85B1-AB8FE98D9AEC}.Release|Any CPU.ActiveCfg = Release|Any CPU
		{F2938016-39B4-425C-85B1-AB8FE98D9AEC}.Release|Any CPU.Build.0 = Release|Any CPU
		{A7E1C89E-FB27-4A29-86F5-FCCE028B31DA}.Debug|Any CPU.ActiveCfg = Debug|Any CPU
		{A7E1C89E-FB27-4A29-86F5-FCCE028B31DA}.Debug|Any CPU.Build.0 = Debug|Any CPU
		{A7E1C89E-FB27-4A29-86F5-FCCE028B31DA}.Release|Any CPU.ActiveCfg = Release|Any CPU
		{A7E1C89E-FB27-4A29-86F5-FCCE028B31DA}.Release|Any CPU.Build.0 = Release|Any CPU
		{DE71F0DF-06EA-4BC1-86BB-1BA413A05FFB}.Debug|Any CPU.ActiveCfg = Debug|Any CPU
		{DE71F0DF-06EA-4BC1-86BB-1BA413A05FFB}.Debug|Any CPU.Build.0 = Debug|Any CPU
		{DE71F0DF-06EA-4BC1-86BB-1BA413A05FFB}.Release|Any CPU.ActiveCfg = Release|Any CPU
		{DE71F0DF-06EA-4BC1-86BB-1BA413A05FFB}.Release|Any CPU.Build.0 = Release|Any CPU
		{D0B782CD-BEFE-4BB0-BA23-C401EA942357}.Debug|Any CPU.ActiveCfg = Debug|Any CPU
		{D0B782CD-BEFE-4BB0-BA23-C401EA942357}.Debug|Any CPU.Build.0 = Debug|Any CPU
		{D0B782CD-BEFE-4BB0-BA23-C401EA942357}.Release|Any CPU.ActiveCfg = Release|Any CPU
		{D0B782CD-BEFE-4BB0-BA23-C401EA942357}.Release|Any CPU.Build.0 = Release|Any CPU
		{20DD2365-086A-4212-AF24-E3B013FC8C9A}.Debug|Any CPU.ActiveCfg = Debug|Any CPU
		{20DD2365-086A-4212-AF24-E3B013FC8C9A}.Debug|Any CPU.Build.0 = Debug|Any CPU
		{20DD2365-086A-4212-AF24-E3B013FC8C9A}.Release|Any CPU.ActiveCfg = Release|Any CPU
		{20DD2365-086A-4212-AF24-E3B013FC8C9A}.Release|Any CPU.Build.0 = Release|Any CPU
		{1EA7B84A-1FE9-4B76-A3B8-BDCD88B61006}.Debug|Any CPU.ActiveCfg = Debug|Any CPU
		{1EA7B84A-1FE9-4B76-A3B8-BDCD88B61006}.Debug|Any CPU.Build.0 = Debug|Any CPU
		{1EA7B84A-1FE9-4B76-A3B8-BDCD88B61006}.Release|Any CPU.ActiveCfg = Release|Any CPU
		{1EA7B84A-1FE9-4B76-A3B8-BDCD88B61006}.Release|Any CPU.Build.0 = Release|Any CPU
		{D9AB0A5F-4C39-44B5-911D-805579A649EE}.Debug|Any CPU.ActiveCfg = Debug|Any CPU
		{D9AB0A5F-4C39-44B5-911D-805579A649EE}.Debug|Any CPU.Build.0 = Debug|Any CPU
		{D9AB0A5F-4C39-44B5-911D-805579A649EE}.Release|Any CPU.ActiveCfg = Release|Any CPU
		{D9AB0A5F-4C39-44B5-911D-805579A649EE}.Release|Any CPU.Build.0 = Release|Any CPU
		{36AD7EBC-DF39-45EF-A88D-3D6BAD0F3D73}.Debug|Any CPU.ActiveCfg = Debug|Any CPU
		{36AD7EBC-DF39-45EF-A88D-3D6BAD0F3D73}.Debug|Any CPU.Build.0 = Debug|Any CPU
		{36AD7EBC-DF39-45EF-A88D-3D6BAD0F3D73}.Release|Any CPU.ActiveCfg = Release|Any CPU
		{36AD7EBC-DF39-45EF-A88D-3D6BAD0F3D73}.Release|Any CPU.Build.0 = Release|Any CPU
		{20B565E4-BF89-4EE7-A056-CC9DB151D6C2}.Debug|Any CPU.ActiveCfg = Debug|Any CPU
		{20B565E4-BF89-4EE7-A056-CC9DB151D6C2}.Debug|Any CPU.Build.0 = Debug|Any CPU
		{20B565E4-BF89-4EE7-A056-CC9DB151D6C2}.Release|Any CPU.ActiveCfg = Release|Any CPU
		{20B565E4-BF89-4EE7-A056-CC9DB151D6C2}.Release|Any CPU.Build.0 = Release|Any CPU
		{0DCF2D29-B2FB-4067-9B8B-4A5ECDBB6754}.Debug|Any CPU.ActiveCfg = Debug|Any CPU
		{0DCF2D29-B2FB-4067-9B8B-4A5ECDBB6754}.Debug|Any CPU.Build.0 = Debug|Any CPU
		{0DCF2D29-B2FB-4067-9B8B-4A5ECDBB6754}.Release|Any CPU.ActiveCfg = Release|Any CPU
		{0DCF2D29-B2FB-4067-9B8B-4A5ECDBB6754}.Release|Any CPU.Build.0 = Release|Any CPU
		{21FA73BD-319D-41D2-A16A-D429CD3B0646}.Debug|Any CPU.ActiveCfg = Debug|Any CPU
		{21FA73BD-319D-41D2-A16A-D429CD3B0646}.Debug|Any CPU.Build.0 = Debug|Any CPU
		{21FA73BD-319D-41D2-A16A-D429CD3B0646}.Release|Any CPU.ActiveCfg = Release|Any CPU
		{21FA73BD-319D-41D2-A16A-D429CD3B0646}.Release|Any CPU.Build.0 = Release|Any CPU
		{14D0B7EC-7E9B-4751-BEAC-03B8E57A642B}.Debug|Any CPU.ActiveCfg = Debug|Any CPU
		{14D0B7EC-7E9B-4751-BEAC-03B8E57A642B}.Debug|Any CPU.Build.0 = Debug|Any CPU
		{14D0B7EC-7E9B-4751-BEAC-03B8E57A642B}.Release|Any CPU.ActiveCfg = Release|Any CPU
		{14D0B7EC-7E9B-4751-BEAC-03B8E57A642B}.Release|Any CPU.Build.0 = Release|Any CPU
		{975AC4F9-7D7A-4AD2-8DC4-939C6DEF641C}.Debug|Any CPU.ActiveCfg = Debug|Any CPU
		{975AC4F9-7D7A-4AD2-8DC4-939C6DEF641C}.Debug|Any CPU.Build.0 = Debug|Any CPU
		{975AC4F9-7D7A-4AD2-8DC4-939C6DEF641C}.Release|Any CPU.ActiveCfg = Release|Any CPU
		{975AC4F9-7D7A-4AD2-8DC4-939C6DEF641C}.Release|Any CPU.Build.0 = Release|Any CPU
		{1245F95F-948D-4A37-87E8-A49E6AF670E0}.Debug|Any CPU.ActiveCfg = Debug|Any CPU
		{1245F95F-948D-4A37-87E8-A49E6AF670E0}.Debug|Any CPU.Build.0 = Debug|Any CPU
		{1245F95F-948D-4A37-87E8-A49E6AF670E0}.Release|Any CPU.ActiveCfg = Release|Any CPU
		{1245F95F-948D-4A37-87E8-A49E6AF670E0}.Release|Any CPU.Build.0 = Release|Any CPU
		{3CD38356-AFAB-4330-A0A2-21CC1EA1FEE1}.Debug|Any CPU.ActiveCfg = Debug|Any CPU
		{3CD38356-AFAB-4330-A0A2-21CC1EA1FEE1}.Debug|Any CPU.Build.0 = Debug|Any CPU
		{3CD38356-AFAB-4330-A0A2-21CC1EA1FEE1}.Release|Any CPU.ActiveCfg = Release|Any CPU
		{3CD38356-AFAB-4330-A0A2-21CC1EA1FEE1}.Release|Any CPU.Build.0 = Release|Any CPU
		{BB8E1D1E-1E13-4FF6-B870-620690706930}.Debug|Any CPU.ActiveCfg = Debug|Any CPU
		{BB8E1D1E-1E13-4FF6-B870-620690706930}.Debug|Any CPU.Build.0 = Debug|Any CPU
		{BB8E1D1E-1E13-4FF6-B870-620690706930}.Release|Any CPU.ActiveCfg = Release|Any CPU
		{BB8E1D1E-1E13-4FF6-B870-620690706930}.Release|Any CPU.Build.0 = Release|Any CPU
		{5FAE98E9-D770-4CE9-92B9-52D09B630994}.Debug|Any CPU.ActiveCfg = Debug|Any CPU
		{5FAE98E9-D770-4CE9-92B9-52D09B630994}.Debug|Any CPU.Build.0 = Debug|Any CPU
		{5FAE98E9-D770-4CE9-92B9-52D09B630994}.Release|Any CPU.ActiveCfg = Release|Any CPU
		{5FAE98E9-D770-4CE9-92B9-52D09B630994}.Release|Any CPU.Build.0 = Release|Any CPU
		{6672EF7A-2E2C-48AD-8B31-8AAD5CE0B71A}.Debug|Any CPU.ActiveCfg = Debug|Any CPU
		{6672EF7A-2E2C-48AD-8B31-8AAD5CE0B71A}.Debug|Any CPU.Build.0 = Debug|Any CPU
		{6672EF7A-2E2C-48AD-8B31-8AAD5CE0B71A}.Release|Any CPU.ActiveCfg = Release|Any CPU
		{6672EF7A-2E2C-48AD-8B31-8AAD5CE0B71A}.Release|Any CPU.Build.0 = Release|Any CPU
		{CEFB256F-1E27-4122-A23C-71F025080174}.Debug|Any CPU.ActiveCfg = Debug|Any CPU
		{CEFB256F-1E27-4122-A23C-71F025080174}.Debug|Any CPU.Build.0 = Debug|Any CPU
		{CEFB256F-1E27-4122-A23C-71F025080174}.Release|Any CPU.ActiveCfg = Release|Any CPU
		{CEFB256F-1E27-4122-A23C-71F025080174}.Release|Any CPU.Build.0 = Release|Any CPU
		{1E01D9D5-5AFA-4BF6-9D5E-6871896B0AAA}.Debug|Any CPU.ActiveCfg = Debug|Any CPU
		{1E01D9D5-5AFA-4BF6-9D5E-6871896B0AAA}.Debug|Any CPU.Build.0 = Debug|Any CPU
		{1E01D9D5-5AFA-4BF6-9D5E-6871896B0AAA}.Release|Any CPU.ActiveCfg = Release|Any CPU
		{1E01D9D5-5AFA-4BF6-9D5E-6871896B0AAA}.Release|Any CPU.Build.0 = Release|Any CPU
		{6EE1F56A-9176-4864-8F39-47A05CEFA90B}.Debug|Any CPU.ActiveCfg = Debug|Any CPU
		{6EE1F56A-9176-4864-8F39-47A05CEFA90B}.Debug|Any CPU.Build.0 = Debug|Any CPU
		{6EE1F56A-9176-4864-8F39-47A05CEFA90B}.Release|Any CPU.ActiveCfg = Release|Any CPU
		{6EE1F56A-9176-4864-8F39-47A05CEFA90B}.Release|Any CPU.Build.0 = Release|Any CPU
		{DFC94A82-0FA3-4D59-A2EE-4CE0A0CA1569}.Debug|Any CPU.ActiveCfg = Debug|Any CPU
		{DFC94A82-0FA3-4D59-A2EE-4CE0A0CA1569}.Debug|Any CPU.Build.0 = Debug|Any CPU
		{DFC94A82-0FA3-4D59-A2EE-4CE0A0CA1569}.Release|Any CPU.ActiveCfg = Release|Any CPU
		{DFC94A82-0FA3-4D59-A2EE-4CE0A0CA1569}.Release|Any CPU.Build.0 = Release|Any CPU
		{B81D679F-1221-4434-9201-BA1DE43CEECF}.Debug|Any CPU.ActiveCfg = Debug|Any CPU
		{B81D679F-1221-4434-9201-BA1DE43CEECF}.Debug|Any CPU.Build.0 = Debug|Any CPU
		{B81D679F-1221-4434-9201-BA1DE43CEECF}.Release|Any CPU.ActiveCfg = Release|Any CPU
		{B81D679F-1221-4434-9201-BA1DE43CEECF}.Release|Any CPU.Build.0 = Release|Any CPU
		{EC86A26E-279B-4A78-8308-B1D27F8D348A}.Debug|Any CPU.ActiveCfg = Debug|Any CPU
		{EC86A26E-279B-4A78-8308-B1D27F8D348A}.Debug|Any CPU.Build.0 = Debug|Any CPU
		{EC86A26E-279B-4A78-8308-B1D27F8D348A}.Release|Any CPU.ActiveCfg = Release|Any CPU
		{EC86A26E-279B-4A78-8308-B1D27F8D348A}.Release|Any CPU.Build.0 = Release|Any CPU
		{0BB17D8B-7D93-4942-A4F2-1682D6901B9E}.Debug|Any CPU.ActiveCfg = Debug|Any CPU
		{0BB17D8B-7D93-4942-A4F2-1682D6901B9E}.Debug|Any CPU.Build.0 = Debug|Any CPU
		{0BB17D8B-7D93-4942-A4F2-1682D6901B9E}.Release|Any CPU.ActiveCfg = Release|Any CPU
		{0BB17D8B-7D93-4942-A4F2-1682D6901B9E}.Release|Any CPU.Build.0 = Release|Any CPU
		{E1FB779F-7181-404D-AE7B-134D9DDAC470}.Debug|Any CPU.ActiveCfg = Debug|Any CPU
		{E1FB779F-7181-404D-AE7B-134D9DDAC470}.Debug|Any CPU.Build.0 = Debug|Any CPU
		{E1FB779F-7181-404D-AE7B-134D9DDAC470}.Release|Any CPU.ActiveCfg = Release|Any CPU
		{E1FB779F-7181-404D-AE7B-134D9DDAC470}.Release|Any CPU.Build.0 = Release|Any CPU
		{4482F4F0-2146-4B8E-8B37-9C01EE74F81A}.Debug|Any CPU.ActiveCfg = Debug|Any CPU
		{4482F4F0-2146-4B8E-8B37-9C01EE74F81A}.Debug|Any CPU.Build.0 = Debug|Any CPU
		{4482F4F0-2146-4B8E-8B37-9C01EE74F81A}.Release|Any CPU.ActiveCfg = Release|Any CPU
		{4482F4F0-2146-4B8E-8B37-9C01EE74F81A}.Release|Any CPU.Build.0 = Release|Any CPU
		{DE493651-5DEF-4FFD-AF93-052F21A2A6A7}.Debug|Any CPU.ActiveCfg = Debug|Any CPU
		{DE493651-5DEF-4FFD-AF93-052F21A2A6A7}.Debug|Any CPU.Build.0 = Debug|Any CPU
		{DE493651-5DEF-4FFD-AF93-052F21A2A6A7}.Release|Any CPU.ActiveCfg = Release|Any CPU
		{DE493651-5DEF-4FFD-AF93-052F21A2A6A7}.Release|Any CPU.Build.0 = Release|Any CPU
		{E7555D6C-1D10-4940-92F2-0FBE48EFEFC8}.Debug|Any CPU.ActiveCfg = Debug|Any CPU
		{E7555D6C-1D10-4940-92F2-0FBE48EFEFC8}.Debug|Any CPU.Build.0 = Debug|Any CPU
		{E7555D6C-1D10-4940-92F2-0FBE48EFEFC8}.Release|Any CPU.ActiveCfg = Release|Any CPU
		{E7555D6C-1D10-4940-92F2-0FBE48EFEFC8}.Release|Any CPU.Build.0 = Release|Any CPU
		{EEB0AD62-4783-48D1-9306-E0694F2FC302}.Debug|Any CPU.ActiveCfg = Debug|Any CPU
		{EEB0AD62-4783-48D1-9306-E0694F2FC302}.Debug|Any CPU.Build.0 = Debug|Any CPU
		{EEB0AD62-4783-48D1-9306-E0694F2FC302}.Release|Any CPU.ActiveCfg = Release|Any CPU
		{EEB0AD62-4783-48D1-9306-E0694F2FC302}.Release|Any CPU.Build.0 = Release|Any CPU
		{5698E83F-2685-4243-B0C0-447A2740238A}.Debug|Any CPU.ActiveCfg = Debug|Any CPU
		{5698E83F-2685-4243-B0C0-447A2740238A}.Debug|Any CPU.Build.0 = Debug|Any CPU
		{5698E83F-2685-4243-B0C0-447A2740238A}.Release|Any CPU.ActiveCfg = Release|Any CPU
		{5698E83F-2685-4243-B0C0-447A2740238A}.Release|Any CPU.Build.0 = Release|Any CPU
		{94C347FC-BC31-476E-84D3-5195FB492C8D}.Debug|Any CPU.ActiveCfg = Debug|Any CPU
		{94C347FC-BC31-476E-84D3-5195FB492C8D}.Debug|Any CPU.Build.0 = Debug|Any CPU
		{94C347FC-BC31-476E-84D3-5195FB492C8D}.Release|Any CPU.ActiveCfg = Release|Any CPU
		{94C347FC-BC31-476E-84D3-5195FB492C8D}.Release|Any CPU.Build.0 = Release|Any CPU
		{B6B9961E-A929-4DD9-AF3B-323B754D8F4C}.Debug|Any CPU.ActiveCfg = Debug|Any CPU
		{B6B9961E-A929-4DD9-AF3B-323B754D8F4C}.Debug|Any CPU.Build.0 = Debug|Any CPU
		{B6B9961E-A929-4DD9-AF3B-323B754D8F4C}.Release|Any CPU.ActiveCfg = Release|Any CPU
		{B6B9961E-A929-4DD9-AF3B-323B754D8F4C}.Release|Any CPU.Build.0 = Release|Any CPU
		{557AD607-7564-4282-8572-38DC0E1CAE2B}.Debug|Any CPU.ActiveCfg = Debug|Any CPU
		{557AD607-7564-4282-8572-38DC0E1CAE2B}.Debug|Any CPU.Build.0 = Debug|Any CPU
		{557AD607-7564-4282-8572-38DC0E1CAE2B}.Release|Any CPU.ActiveCfg = Release|Any CPU
		{557AD607-7564-4282-8572-38DC0E1CAE2B}.Release|Any CPU.Build.0 = Release|Any CPU
		{E4FEC956-6C48-4B89-8539-0DC1C1D1446B}.Debug|Any CPU.ActiveCfg = Debug|Any CPU
		{E4FEC956-6C48-4B89-8539-0DC1C1D1446B}.Debug|Any CPU.Build.0 = Debug|Any CPU
		{E4FEC956-6C48-4B89-8539-0DC1C1D1446B}.Release|Any CPU.ActiveCfg = Release|Any CPU
		{E4FEC956-6C48-4B89-8539-0DC1C1D1446B}.Release|Any CPU.Build.0 = Release|Any CPU
		{E73ED76F-ECB8-4EE1-BCD7-58C8F6BD2187}.Debug|Any CPU.ActiveCfg = Debug|Any CPU
		{E73ED76F-ECB8-4EE1-BCD7-58C8F6BD2187}.Debug|Any CPU.Build.0 = Debug|Any CPU
		{E73ED76F-ECB8-4EE1-BCD7-58C8F6BD2187}.Release|Any CPU.ActiveCfg = Release|Any CPU
		{E73ED76F-ECB8-4EE1-BCD7-58C8F6BD2187}.Release|Any CPU.Build.0 = Release|Any CPU
		{760056E1-D945-4066-AE46-9F6AC4E7E54A}.Debug|Any CPU.ActiveCfg = Debug|Any CPU
		{760056E1-D945-4066-AE46-9F6AC4E7E54A}.Debug|Any CPU.Build.0 = Debug|Any CPU
		{760056E1-D945-4066-AE46-9F6AC4E7E54A}.Release|Any CPU.ActiveCfg = Release|Any CPU
		{760056E1-D945-4066-AE46-9F6AC4E7E54A}.Release|Any CPU.Build.0 = Release|Any CPU
		{7EDD7C7E-052A-4A6E-B03E-3C55ABB66ED4}.Debug|Any CPU.ActiveCfg = Debug|Any CPU
		{7EDD7C7E-052A-4A6E-B03E-3C55ABB66ED4}.Debug|Any CPU.Build.0 = Debug|Any CPU
		{7EDD7C7E-052A-4A6E-B03E-3C55ABB66ED4}.Release|Any CPU.ActiveCfg = Release|Any CPU
		{7EDD7C7E-052A-4A6E-B03E-3C55ABB66ED4}.Release|Any CPU.Build.0 = Release|Any CPU
		{B587DBC3-0252-4CAE-9A1C-A5B823A6E67A}.Debug|Any CPU.ActiveCfg = Debug|Any CPU
		{B587DBC3-0252-4CAE-9A1C-A5B823A6E67A}.Debug|Any CPU.Build.0 = Debug|Any CPU
		{B587DBC3-0252-4CAE-9A1C-A5B823A6E67A}.Release|Any CPU.ActiveCfg = Release|Any CPU
		{B587DBC3-0252-4CAE-9A1C-A5B823A6E67A}.Release|Any CPU.Build.0 = Release|Any CPU
		{6FE7EA2B-944A-4548-A0E6-C084F12A321E}.Debug|Any CPU.ActiveCfg = Debug|Any CPU
		{6FE7EA2B-944A-4548-A0E6-C084F12A321E}.Debug|Any CPU.Build.0 = Debug|Any CPU
		{6FE7EA2B-944A-4548-A0E6-C084F12A321E}.Release|Any CPU.ActiveCfg = Release|Any CPU
		{6FE7EA2B-944A-4548-A0E6-C084F12A321E}.Release|Any CPU.Build.0 = Release|Any CPU
		{EF7A5031-0738-461C-9B70-A3760A5B5AE3}.Debug|Any CPU.ActiveCfg = Debug|Any CPU
		{EF7A5031-0738-461C-9B70-A3760A5B5AE3}.Debug|Any CPU.Build.0 = Debug|Any CPU
		{EF7A5031-0738-461C-9B70-A3760A5B5AE3}.Release|Any CPU.ActiveCfg = Release|Any CPU
		{EF7A5031-0738-461C-9B70-A3760A5B5AE3}.Release|Any CPU.Build.0 = Release|Any CPU
		{64CBC32F-C508-4B8A-9F26-BDCCE0C329E1}.Debug|Any CPU.ActiveCfg = Debug|Any CPU
		{64CBC32F-C508-4B8A-9F26-BDCCE0C329E1}.Debug|Any CPU.Build.0 = Debug|Any CPU
		{64CBC32F-C508-4B8A-9F26-BDCCE0C329E1}.Release|Any CPU.ActiveCfg = Release|Any CPU
		{64CBC32F-C508-4B8A-9F26-BDCCE0C329E1}.Release|Any CPU.Build.0 = Release|Any CPU
		{60888DC9-87EE-4773-B9EA-8B291D83D4C4}.Debug|Any CPU.ActiveCfg = Debug|Any CPU
		{60888DC9-87EE-4773-B9EA-8B291D83D4C4}.Debug|Any CPU.Build.0 = Debug|Any CPU
		{60888DC9-87EE-4773-B9EA-8B291D83D4C4}.Release|Any CPU.ActiveCfg = Release|Any CPU
		{60888DC9-87EE-4773-B9EA-8B291D83D4C4}.Release|Any CPU.Build.0 = Release|Any CPU
		{02F9B462-7DD4-44D5-8B2D-B538AB097044}.Debug|Any CPU.ActiveCfg = Debug|Any CPU
		{02F9B462-7DD4-44D5-8B2D-B538AB097044}.Debug|Any CPU.Build.0 = Debug|Any CPU
		{02F9B462-7DD4-44D5-8B2D-B538AB097044}.Release|Any CPU.ActiveCfg = Release|Any CPU
		{02F9B462-7DD4-44D5-8B2D-B538AB097044}.Release|Any CPU.Build.0 = Release|Any CPU
		{663A2FCD-B3F4-4C13-A137-627BED17C423}.Debug|Any CPU.ActiveCfg = Debug|Any CPU
		{663A2FCD-B3F4-4C13-A137-627BED17C423}.Debug|Any CPU.Build.0 = Debug|Any CPU
		{663A2FCD-B3F4-4C13-A137-627BED17C423}.Release|Any CPU.ActiveCfg = Release|Any CPU
		{663A2FCD-B3F4-4C13-A137-627BED17C423}.Release|Any CPU.Build.0 = Release|Any CPU
		{DBE49619-2A5A-439D-99AF-6BAAD32D7ECB}.Debug|Any CPU.ActiveCfg = Debug|Any CPU
		{DBE49619-2A5A-439D-99AF-6BAAD32D7ECB}.Debug|Any CPU.Build.0 = Debug|Any CPU
		{DBE49619-2A5A-439D-99AF-6BAAD32D7ECB}.Release|Any CPU.ActiveCfg = Release|Any CPU
		{DBE49619-2A5A-439D-99AF-6BAAD32D7ECB}.Release|Any CPU.Build.0 = Release|Any CPU
	EndGlobalSection
	GlobalSection(SolutionProperties) = preSolution
		HideSolutionNode = FALSE
	EndGlobalSection
	GlobalSection(NestedProjects) = preSolution
		{C46B6204-7C98-4D9C-B6E3-7A6A2BE71D76} = {28AE19BB-8CE2-43D8-9024-AF139FBC8BA4}
		{8A1003F5-8779-4CA0-BBEE-50FB9132ECE8} = {28AE19BB-8CE2-43D8-9024-AF139FBC8BA4}
		{AB955A69-9AA8-4C76-8C05-CA5A409C12F3} = {28AE19BB-8CE2-43D8-9024-AF139FBC8BA4}
		{124B7EBE-2BDC-4F66-907C-F0D5116BC950} = {28AE19BB-8CE2-43D8-9024-AF139FBC8BA4}
		{400830D0-29F6-4F0C-ABE1-1AFEACFCF9AE} = {28AE19BB-8CE2-43D8-9024-AF139FBC8BA4}
		{80A364AB-7BED-401D-A8BD-BC7AC964C0EE} = {28AE19BB-8CE2-43D8-9024-AF139FBC8BA4}
		{A8F00D53-7D3A-4E7C-85DD-CD487D0386AF} = {28AE19BB-8CE2-43D8-9024-AF139FBC8BA4}
		{0DCD2F18-867C-4A63-A977-457E2AA6AAEB} = {28AE19BB-8CE2-43D8-9024-AF139FBC8BA4}
		{AEF7476B-0EB3-4119-B890-B58D113AF0F9} = {28AE19BB-8CE2-43D8-9024-AF139FBC8BA4}
		{829F5237-859E-49AD-ADAE-7AF846EF393E} = {28AE19BB-8CE2-43D8-9024-AF139FBC8BA4}
		{4CE39B8E-2D24-4BF7-8834-184287604C1A} = {28AE19BB-8CE2-43D8-9024-AF139FBC8BA4}
		{8B1D1BBF-5DC3-480F-B1C0-A71C9AFAC409} = {28AE19BB-8CE2-43D8-9024-AF139FBC8BA4}
		{B3D9D83F-B4EB-45CA-AC3C-17782FA85526} = {28AE19BB-8CE2-43D8-9024-AF139FBC8BA4}
		{F04D4406-A905-4EFE-B4C0-F9C603ACECDE} = {28AE19BB-8CE2-43D8-9024-AF139FBC8BA4}
		{DD76C2E8-3458-4381-80A7-2D584FFCA25E} = {28AE19BB-8CE2-43D8-9024-AF139FBC8BA4}
		{5A8B387A-98EB-41DD-86DB-63DCC4DCC2AF} = {28AE19BB-8CE2-43D8-9024-AF139FBC8BA4}
		{21B76967-3A7C-43C7-9383-AE0AE27FBC81} = {58012AB1-6B64-4096-9439-4628AFC0A41F}
		{7FD03728-7790-4BEE-A3F5-F04EEA93231C} = {3DDBA33C-1A16-4AEE-AC3E-64BBECCCA5F8}
		{1D30C9AC-8284-49C4-B4B4-317292760AFA} = {3DDBA33C-1A16-4AEE-AC3E-64BBECCCA5F8}
		{6632F3C1-B252-4053-9B9F-0504BE00A444} = {3DDBA33C-1A16-4AEE-AC3E-64BBECCCA5F8}
		{DE2204F6-C8EC-4B52-8D48-F94F1F28B297} = {58012AB1-6B64-4096-9439-4628AFC0A41F}
		{D1D2F150-7CE0-43A9-9A01-7EAE5E9FC6A4} = {3DDBA33C-1A16-4AEE-AC3E-64BBECCCA5F8}
		{9E1C11A0-E88A-4DE0-A4A8-A55EDD30F62B} = {3DDBA33C-1A16-4AEE-AC3E-64BBECCCA5F8}
		{B7BDADBC-4386-4B0D-88A0-2C44B42F29B7} = {3DDBA33C-1A16-4AEE-AC3E-64BBECCCA5F8}
		{66BDAB23-7ACF-4428-B934-428D76197FBB} = {3DDBA33C-1A16-4AEE-AC3E-64BBECCCA5F8}
		{F2938016-39B4-425C-85B1-AB8FE98D9AEC} = {3DDBA33C-1A16-4AEE-AC3E-64BBECCCA5F8}
		{A7E1C89E-FB27-4A29-86F5-FCCE028B31DA} = {3DDBA33C-1A16-4AEE-AC3E-64BBECCCA5F8}
		{DE71F0DF-06EA-4BC1-86BB-1BA413A05FFB} = {3DDBA33C-1A16-4AEE-AC3E-64BBECCCA5F8}
		{D0B782CD-BEFE-4BB0-BA23-C401EA942357} = {3DDBA33C-1A16-4AEE-AC3E-64BBECCCA5F8}
		{20DD2365-086A-4212-AF24-E3B013FC8C9A} = {9FDB95AE-FA98-46E7-9454-5B17B70CD679}
		{1EA7B84A-1FE9-4B76-A3B8-BDCD88B61006} = {9FDB95AE-FA98-46E7-9454-5B17B70CD679}
		{D9AB0A5F-4C39-44B5-911D-805579A649EE} = {9FDB95AE-FA98-46E7-9454-5B17B70CD679}
		{36AD7EBC-DF39-45EF-A88D-3D6BAD0F3D73} = {9FDB95AE-FA98-46E7-9454-5B17B70CD679}
		{20B565E4-BF89-4EE7-A056-CC9DB151D6C2} = {9FDB95AE-FA98-46E7-9454-5B17B70CD679}
		{0DCF2D29-B2FB-4067-9B8B-4A5ECDBB6754} = {9FDB95AE-FA98-46E7-9454-5B17B70CD679}
		{21FA73BD-319D-41D2-A16A-D429CD3B0646} = {9FDB95AE-FA98-46E7-9454-5B17B70CD679}
		{14D0B7EC-7E9B-4751-BEAC-03B8E57A642B} = {9FDB95AE-FA98-46E7-9454-5B17B70CD679}
		{975AC4F9-7D7A-4AD2-8DC4-939C6DEF641C} = {9FDB95AE-FA98-46E7-9454-5B17B70CD679}
		{1245F95F-948D-4A37-87E8-A49E6AF670E0} = {9FDB95AE-FA98-46E7-9454-5B17B70CD679}
		{3CD38356-AFAB-4330-A0A2-21CC1EA1FEE1} = {9FDB95AE-FA98-46E7-9454-5B17B70CD679}
		{BB8E1D1E-1E13-4FF6-B870-620690706930} = {9FDB95AE-FA98-46E7-9454-5B17B70CD679}
		{5FAE98E9-D770-4CE9-92B9-52D09B630994} = {9FDB95AE-FA98-46E7-9454-5B17B70CD679}
		{6672EF7A-2E2C-48AD-8B31-8AAD5CE0B71A} = {9FDB95AE-FA98-46E7-9454-5B17B70CD679}
		{CEFB256F-1E27-4122-A23C-71F025080174} = {9FDB95AE-FA98-46E7-9454-5B17B70CD679}
		{1E01D9D5-5AFA-4BF6-9D5E-6871896B0AAA} = {9FDB95AE-FA98-46E7-9454-5B17B70CD679}
		{6EE1F56A-9176-4864-8F39-47A05CEFA90B} = {9FDB95AE-FA98-46E7-9454-5B17B70CD679}
		{DFC94A82-0FA3-4D59-A2EE-4CE0A0CA1569} = {BD731B2E-9E67-4EAA-A1FC-A10BF145E1AC}
		{B81D679F-1221-4434-9201-BA1DE43CEECF} = {BD731B2E-9E67-4EAA-A1FC-A10BF145E1AC}
		{EC86A26E-279B-4A78-8308-B1D27F8D348A} = {BD731B2E-9E67-4EAA-A1FC-A10BF145E1AC}
		{0BB17D8B-7D93-4942-A4F2-1682D6901B9E} = {BD731B2E-9E67-4EAA-A1FC-A10BF145E1AC}
		{E1FB779F-7181-404D-AE7B-134D9DDAC470} = {BD731B2E-9E67-4EAA-A1FC-A10BF145E1AC}
		{4482F4F0-2146-4B8E-8B37-9C01EE74F81A} = {BD731B2E-9E67-4EAA-A1FC-A10BF145E1AC}
		{DE493651-5DEF-4FFD-AF93-052F21A2A6A7} = {BD731B2E-9E67-4EAA-A1FC-A10BF145E1AC}
		{E7555D6C-1D10-4940-92F2-0FBE48EFEFC8} = {BD731B2E-9E67-4EAA-A1FC-A10BF145E1AC}
		{EEB0AD62-4783-48D1-9306-E0694F2FC302} = {BD731B2E-9E67-4EAA-A1FC-A10BF145E1AC}
		{5698E83F-2685-4243-B0C0-447A2740238A} = {BD731B2E-9E67-4EAA-A1FC-A10BF145E1AC}
		{94C347FC-BC31-476E-84D3-5195FB492C8D} = {ABC23E4D-C834-4055-9099-1AC68AEFB3DB}
		{B6B9961E-A929-4DD9-AF3B-323B754D8F4C} = {ABC23E4D-C834-4055-9099-1AC68AEFB3DB}
		{557AD607-7564-4282-8572-38DC0E1CAE2B} = {ABC23E4D-C834-4055-9099-1AC68AEFB3DB}
		{E4FEC956-6C48-4B89-8539-0DC1C1D1446B} = {DAF0D0BD-EAFA-470F-A15F-29C1D8F243CB}
		{E73ED76F-ECB8-4EE1-BCD7-58C8F6BD2187} = {DAF0D0BD-EAFA-470F-A15F-29C1D8F243CB}
		{760056E1-D945-4066-AE46-9F6AC4E7E54A} = {DAF0D0BD-EAFA-470F-A15F-29C1D8F243CB}
		{7EDD7C7E-052A-4A6E-B03E-3C55ABB66ED4} = {4277DB7F-4CBE-4E88-9B99-26E4DEEDEBF6}
		{B587DBC3-0252-4CAE-9A1C-A5B823A6E67A} = {0B60402C-0085-40BA-BF09-1A59DEFB61F2}
		{6FE7EA2B-944A-4548-A0E6-C084F12A321E} = {0B60402C-0085-40BA-BF09-1A59DEFB61F2}
		{EF7A5031-0738-461C-9B70-A3760A5B5AE3} = {0B60402C-0085-40BA-BF09-1A59DEFB61F2}
		{64CBC32F-C508-4B8A-9F26-BDCCE0C329E1} = {0B60402C-0085-40BA-BF09-1A59DEFB61F2}
		{60888DC9-87EE-4773-B9EA-8B291D83D4C4} = {6BE9E66D-B0BE-4D6D-98E6-0D20922A9AD0}
		{02F9B462-7DD4-44D5-8B2D-B538AB097044} = {6BE9E66D-B0BE-4D6D-98E6-0D20922A9AD0}
		{663A2FCD-B3F4-4C13-A137-627BED17C423} = {7DF843B0-D515-4776-AE41-3EA9B7F95EFC}
		{DBE49619-2A5A-439D-99AF-6BAAD32D7ECB} = {7DF843B0-D515-4776-AE41-3EA9B7F95EFC}
	EndGlobalSection
	GlobalSection(ExtensibilityGlobals) = postSolution
		SolutionGuid = {ABAB3129-9D66-48B1-9282-181420D7286A}
	EndGlobalSection
EndGlobal
